// !$*UTF8*$!
{
	archiveVersion = 1;
	classes = {
	};
	objectVersion = 51;
	objects = {

/* Begin PBXBuildFile section */
		35C1715EE68562856F59982F /* Pods_ViaYou.framework in Frameworks */ = {isa = PBXBuildFile; fileRef = 13C90EB2FB1356E9CB769BE2 /* Pods_ViaYou.framework */; };
		9E05C4AC235D02A5000F80C3 /* Mobile App T&C Conditions.rtf in Resources */ = {isa = PBXBuildFile; fileRef = 9E05C4AA235D02A5000F80C3 /* Mobile App T&C Conditions.rtf */; };
		9E05C4AD235D02A5000F80C3 /* Privacy Policy.rtf in Resources */ = {isa = PBXBuildFile; fileRef = 9E05C4AB235D02A5000F80C3 /* Privacy Policy.rtf */; };
		9E05C4AF235D0341000F80C3 /* TermsNConditionsViewController.swift in Sources */ = {isa = PBXBuildFile; fileRef = 9E05C4AE235D0341000F80C3 /* TermsNConditionsViewController.swift */; };
		9E05C4B1235D0358000F80C3 /* PrivacyPolicyViewController.swift in Sources */ = {isa = PBXBuildFile; fileRef = 9E05C4B0235D0358000F80C3 /* PrivacyPolicyViewController.swift */; };
		9E10ED0E234D748A00C54F84 /* ProfileDropdownTableViewCell.swift in Sources */ = {isa = PBXBuildFile; fileRef = 9E10ED0D234D748A00C54F84 /* ProfileDropdownTableViewCell.swift */; };
		9E14A44223591F2400F56891 /* InstagramUserResponse.swift in Sources */ = {isa = PBXBuildFile; fileRef = 9E14A44123591F2400F56891 /* InstagramUserResponse.swift */; };
		9E14A44A2359205A00F56891 /* JMImageCache.m in Sources */ = {isa = PBXBuildFile; fileRef = 9E14A4462359205900F56891 /* JMImageCache.m */; };
		9E14A44B2359205A00F56891 /* UIImageView+JMImageCache.m in Sources */ = {isa = PBXBuildFile; fileRef = 9E14A4492359205A00F56891 /* UIImageView+JMImageCache.m */; };
		9E14A44F23593F8600F56891 /* DeleteVideoResponse.swift in Sources */ = {isa = PBXBuildFile; fileRef = 9E14A44E23593F8600F56891 /* DeleteVideoResponse.swift */; };
		9E159F02235E58F70033FBE6 /* DefaultWrapper.swift in Sources */ = {isa = PBXBuildFile; fileRef = 9E159F01235E58F70033FBE6 /* DefaultWrapper.swift */; };
		9E159F04235E59100033FBE6 /* PaymentCompletedViewController.swift in Sources */ = {isa = PBXBuildFile; fileRef = 9E159F03235E59100033FBE6 /* PaymentCompletedViewController.swift */; };
		9E159F08235E6DE30033FBE6 /* FetchSubscriptionResponse.swift in Sources */ = {isa = PBXBuildFile; fileRef = 9E159F07235E6DE30033FBE6 /* FetchSubscriptionResponse.swift */; };
		9E159F0E235E8A280033FBE6 /* DeletedVideosCollectionViewCell.swift in Sources */ = {isa = PBXBuildFile; fileRef = 9E159F0D235E8A280033FBE6 /* DeletedVideosCollectionViewCell.swift */; };
		9E159F10235E8A4F0033FBE6 /* DeletedVideosViewController.swift in Sources */ = {isa = PBXBuildFile; fileRef = 9E159F0F235E8A4F0033FBE6 /* DeletedVideosViewController.swift */; };
		9E2091D1236A3193005D8919 /* MergeVideoInfoViewController.swift in Sources */ = {isa = PBXBuildFile; fileRef = 9E2091D0236A3193005D8919 /* MergeVideoInfoViewController.swift */; };
		9E2723062374B99D006E93FE /* UserTipsViewController.swift in Sources */ = {isa = PBXBuildFile; fileRef = 9E2723052374B99D006E93FE /* UserTipsViewController.swift */; };
		9E27E558235513BE00B2EEFD /* FeatureResuestPage_1ViewController.swift in Sources */ = {isa = PBXBuildFile; fileRef = 9E27E557235513BE00B2EEFD /* FeatureResuestPage_1ViewController.swift */; };
		9E27E55A235513E000B2EEFD /* FeatureResuestPage_2ViewController.swift in Sources */ = {isa = PBXBuildFile; fileRef = 9E27E559235513E000B2EEFD /* FeatureResuestPage_2ViewController.swift */; };
		9E2970D6234E7FA1003BC282 /* UpgradeAndSubscriptionBaseViewController.swift in Sources */ = {isa = PBXBuildFile; fileRef = 9E2970D5234E7FA1003BC282 /* UpgradeAndSubscriptionBaseViewController.swift */; };
		9E2970D8234E7FC6003BC282 /* UpgradeSoloHostViewController.swift in Sources */ = {isa = PBXBuildFile; fileRef = 9E2970D7234E7FC6003BC282 /* UpgradeSoloHostViewController.swift */; };
		9E2970DA234E7FDE003BC282 /* UpgradeGrowthHostViewController.swift in Sources */ = {isa = PBXBuildFile; fileRef = 9E2970D9234E7FDE003BC282 /* UpgradeGrowthHostViewController.swift */; };
		9E2970DC234E7FF6003BC282 /* UpgradeProHostViewController.swift in Sources */ = {isa = PBXBuildFile; fileRef = 9E2970DB234E7FF6003BC282 /* UpgradeProHostViewController.swift */; };
		9E2970DE234E8012003BC282 /* SubscriptionBaseViewController.swift in Sources */ = {isa = PBXBuildFile; fileRef = 9E2970DD234E8012003BC282 /* SubscriptionBaseViewController.swift */; };
		9E2B879A2344003C00941DF2 /* LibraryFeedsViewController.swift in Sources */ = {isa = PBXBuildFile; fileRef = 9E2B87992344003C00941DF2 /* LibraryFeedsViewController.swift */; };
		9E2B879C2344005B00941DF2 /* NoScreenCastsPopUpViewController.swift in Sources */ = {isa = PBXBuildFile; fileRef = 9E2B879B2344005B00941DF2 /* NoScreenCastsPopUpViewController.swift */; };
		9E2B879E2344007700941DF2 /* LessSpacePopUpViewController.swift in Sources */ = {isa = PBXBuildFile; fileRef = 9E2B879D2344007700941DF2 /* LessSpacePopUpViewController.swift */; };
		9E2B87A0234400F200941DF2 /* LibraryFeedsCollectionViewCell.swift in Sources */ = {isa = PBXBuildFile; fileRef = 9E2B879F234400F200941DF2 /* LibraryFeedsCollectionViewCell.swift */; };
		9E2B87A22344020500941DF2 /* SignInViewController.swift in Sources */ = {isa = PBXBuildFile; fileRef = 9E2B87A12344020500941DF2 /* SignInViewController.swift */; };
		9E31CB5723625D90003651A1 /* InfoVC.swift in Sources */ = {isa = PBXBuildFile; fileRef = 9E31CB4E23625D8E003651A1 /* InfoVC.swift */; };
		9E31CB5823625D90003651A1 /* MergeTagPopUpViewController.swift in Sources */ = {isa = PBXBuildFile; fileRef = 9E31CB4F23625D8F003651A1 /* MergeTagPopUpViewController.swift */; };
		9E31CB5923625D90003651A1 /* RecordedVideoPreviewVC.swift in Sources */ = {isa = PBXBuildFile; fileRef = 9E31CB5023625D8F003651A1 /* RecordedVideoPreviewVC.swift */; };
		9E31CB5A23625D90003651A1 /* RecordFantVideoVC.swift in Sources */ = {isa = PBXBuildFile; fileRef = 9E31CB5123625D8F003651A1 /* RecordFantVideoVC.swift */; };
		9E31CB5B23625D90003651A1 /* MergeVideoDescriptionPopUpViewController.swift in Sources */ = {isa = PBXBuildFile; fileRef = 9E31CB5223625D8F003651A1 /* MergeVideoDescriptionPopUpViewController.swift */; };
		9E31CB5C23625D90003651A1 /* MergeTagPopUpTableViewCell.swift in Sources */ = {isa = PBXBuildFile; fileRef = 9E31CB5323625D8F003651A1 /* MergeTagPopUpTableViewCell.swift */; };
		9E31CB5D23625D90003651A1 /* MergeProductBrandCompanyPopUpViewController.swift in Sources */ = {isa = PBXBuildFile; fileRef = 9E31CB5423625D90003651A1 /* MergeProductBrandCompanyPopUpViewController.swift */; };
		9E31CB5E23625D90003651A1 /* MergeVideo.swift in Sources */ = {isa = PBXBuildFile; fileRef = 9E31CB5523625D90003651A1 /* MergeVideo.swift */; };
		9E31CB5F23625D90003651A1 /* VideoRecordVC.swift in Sources */ = {isa = PBXBuildFile; fileRef = 9E31CB5623625D90003651A1 /* VideoRecordVC.swift */; };
		9E3485B6234A8FC100DFADC9 /* ContactsViewController.swift in Sources */ = {isa = PBXBuildFile; fileRef = 9E3485B5234A8FC100DFADC9 /* ContactsViewController.swift */; };
		9E3485B8234A8FEE00DFADC9 /* PhoneContact.swift in Sources */ = {isa = PBXBuildFile; fileRef = 9E3485B7234A8FEE00DFADC9 /* PhoneContact.swift */; };
		9E3485BA234A903F00DFADC9 /* ContactsTableViewCell.swift in Sources */ = {isa = PBXBuildFile; fileRef = 9E3485B9234A903F00DFADC9 /* ContactsTableViewCell.swift */; };
		9E3485BE234AE5E400DFADC9 /* ReferralResponse.swift in Sources */ = {isa = PBXBuildFile; fileRef = 9E3485BD234AE5E400DFADC9 /* ReferralResponse.swift */; };
		9E34D01D2357FDF40085ABAA /* StripePaymentViewController.swift in Sources */ = {isa = PBXBuildFile; fileRef = 9E34D01C2357FDF40085ABAA /* StripePaymentViewController.swift */; };
		9E34D01F2357FE1E0085ABAA /* SubscriptionResponse.swift in Sources */ = {isa = PBXBuildFile; fileRef = 9E34D01E2357FE1E0085ABAA /* SubscriptionResponse.swift */; };
		9E403A39234434AE002E3749 /* ApiManager.swift in Sources */ = {isa = PBXBuildFile; fileRef = 9E403A38234434AE002E3749 /* ApiManager.swift */; };
		9E403A3C2344352B002E3749 /* RegisterResponse.swift in Sources */ = {isa = PBXBuildFile; fileRef = 9E403A3B2344352B002E3749 /* RegisterResponse.swift */; };
		9E403A3E23443F0B002E3749 /* Constants.swift in Sources */ = {isa = PBXBuildFile; fileRef = 9E403A3D23443F0B002E3749 /* Constants.swift */; };
		9E403A4023443F34002E3749 /* InstagramSignInViewController.swift in Sources */ = {isa = PBXBuildFile; fileRef = 9E403A3F23443F34002E3749 /* InstagramSignInViewController.swift */; };
		9E403A4223443FDA002E3749 /* InstagramAuthResponseModel.swift in Sources */ = {isa = PBXBuildFile; fileRef = 9E403A4123443FDA002E3749 /* InstagramAuthResponseModel.swift */; };
		9E403A4423443FF5002E3749 /* InstagramUserDetailsResponse.swift in Sources */ = {isa = PBXBuildFile; fileRef = 9E403A4323443FF5002E3749 /* InstagramUserDetailsResponse.swift */; };
		9E5085B623595AC700857277 /* VideoViewController.swift in Sources */ = {isa = PBXBuildFile; fileRef = 9E5085B523595AC700857277 /* VideoViewController.swift */; };
		9E726A2A237212ED00AF1D61 /* GoogleService-Info.plist in Resources */ = {isa = PBXBuildFile; fileRef = 9E726A29237212ED00AF1D61 /* GoogleService-Info.plist */; };
		9E91AE1D234D332A0044AB5C /* HomeInfoTableViewCell.swift in Sources */ = {isa = PBXBuildFile; fileRef = 9E91AE1C234D33290044AB5C /* HomeInfoTableViewCell.swift */; };
		9EA55F6B233C208D003A1EBB /* AppDelegate.swift in Sources */ = {isa = PBXBuildFile; fileRef = 9EA55F6A233C208D003A1EBB /* AppDelegate.swift */; };
		9EA55F6D233C208D003A1EBB /* ViewController.swift in Sources */ = {isa = PBXBuildFile; fileRef = 9EA55F6C233C208D003A1EBB /* ViewController.swift */; };
		9EA55F70233C208D003A1EBB /* Main.storyboard in Resources */ = {isa = PBXBuildFile; fileRef = 9EA55F6E233C208D003A1EBB /* Main.storyboard */; };
		9EA55F72233C208E003A1EBB /* Assets.xcassets in Resources */ = {isa = PBXBuildFile; fileRef = 9EA55F71233C208E003A1EBB /* Assets.xcassets */; };
		9EA55F75233C208E003A1EBB /* LaunchScreen.storyboard in Resources */ = {isa = PBXBuildFile; fileRef = 9EA55F73233C208E003A1EBB /* LaunchScreen.storyboard */; };
		9EA55F80233C208E003A1EBB /* ViaYouTests.swift in Sources */ = {isa = PBXBuildFile; fileRef = 9EA55F7F233C208E003A1EBB /* ViaYouTests.swift */; };
		9EA55F8B233C208E003A1EBB /* ViaYouUITests.swift in Sources */ = {isa = PBXBuildFile; fileRef = 9EA55F8A233C208E003A1EBB /* ViaYouUITests.swift */; };
		9EA55F99233C29FB003A1EBB /* SplashViewController.swift in Sources */ = {isa = PBXBuildFile; fileRef = 9EA55F98233C29FB003A1EBB /* SplashViewController.swift */; };
		9EA55F9B233C2B04003A1EBB /* NewLaunchViewController.swift in Sources */ = {isa = PBXBuildFile; fileRef = 9EA55F9A233C2B04003A1EBB /* NewLaunchViewController.swift */; };
		9EA55F9D233C2B24003A1EBB /* SignUpViewController.swift in Sources */ = {isa = PBXBuildFile; fileRef = 9EA55F9C233C2B24003A1EBB /* SignUpViewController.swift */; };
		9EA55F9F233C2B3F003A1EBB /* SignUpMobileEntryViewController.swift in Sources */ = {isa = PBXBuildFile; fileRef = 9EA55F9E233C2B3F003A1EBB /* SignUpMobileEntryViewController.swift */; };
		9EA55FA1233C2B6A003A1EBB /* SignUpPasswordEntryViewController.swift in Sources */ = {isa = PBXBuildFile; fileRef = 9EA55FA0233C2B6A003A1EBB /* SignUpPasswordEntryViewController.swift */; };
		9EA55FA3233C2CB9003A1EBB /* NewSignInViewController.swift in Sources */ = {isa = PBXBuildFile; fileRef = 9EA55FA2233C2CB9003A1EBB /* NewSignInViewController.swift */; };
		9EA55FA5233C3628003A1EBB /* ExtensionManager.swift in Sources */ = {isa = PBXBuildFile; fileRef = 9EA55FA4233C3628003A1EBB /* ExtensionManager.swift */; };
		9EA55FA7233C5099003A1EBB /* InviteFriendsViewController.swift in Sources */ = {isa = PBXBuildFile; fileRef = 9EA55FA6233C5099003A1EBB /* InviteFriendsViewController.swift */; };
		9EB6E342234592870086A131 /* LibraryFeedResponse.swift in Sources */ = {isa = PBXBuildFile; fileRef = 9EB6E341234592870086A131 /* LibraryFeedResponse.swift */; };
		9ECDE2EB2356891F009D0BBE /* BucketSizeResponse.swift in Sources */ = {isa = PBXBuildFile; fileRef = 9ECDE2EA2356891F009D0BBE /* BucketSizeResponse.swift */; };
		9EE57BF623628ADE00CAC421 /* AddTwoMenuViewController.swift in Sources */ = {isa = PBXBuildFile; fileRef = 9EE57BF523628ADE00CAC421 /* AddTwoMenuViewController.swift */; };
		9EEEFF30236698C400A6332E /* InstagramAccessResponse.swift in Sources */ = {isa = PBXBuildFile; fileRef = 9EEEFF2F236698C400A6332E /* InstagramAccessResponse.swift */; };
		9EF50BC92346DC3D00D255FF /* Monarcha_Bold.ttf in Resources */ = {isa = PBXBuildFile; fileRef = 9EF50BC82346DC3700D255FF /* Monarcha_Bold.ttf */; };
		9EF50BCA2346DC4000D255FF /* monarcha_regular.ttf in Resources */ = {isa = PBXBuildFile; fileRef = 9EF50BC62346DC3700D255FF /* monarcha_regular.ttf */; };
		9EF50BCB2346DC4300D255FF /* Monarcha_SemiBold.ttf in Resources */ = {isa = PBXBuildFile; fileRef = 9EF50BC72346DC3700D255FF /* Monarcha_SemiBold.ttf */; };
		9EF90CBF2353C90700127322 /* response.json in Resources */ = {isa = PBXBuildFile; fileRef = 9EF90CBE2353C90700127322 /* response.json */; };
		9EF90CC12353C95600127322 /* SubscriptionBaseViewTableViewCell.swift in Sources */ = {isa = PBXBuildFile; fileRef = 9EF90CC02353C95600127322 /* SubscriptionBaseViewTableViewCell.swift */; };
		9EF90CC32353C98100127322 /* SubscriptionListSoloTableViewCell.swift in Sources */ = {isa = PBXBuildFile; fileRef = 9EF90CC22353C98100127322 /* SubscriptionListSoloTableViewCell.swift */; };
		9EF90CC52353C9A000127322 /* SubscriptionListGrowthTableViewCell.swift in Sources */ = {isa = PBXBuildFile; fileRef = 9EF90CC42353C9A000127322 /* SubscriptionListGrowthTableViewCell.swift */; };
		9EF90CC72353C9BA00127322 /* SubscriptionListProTableViewCell.swift in Sources */ = {isa = PBXBuildFile; fileRef = 9EF90CC62353C9BA00127322 /* SubscriptionListProTableViewCell.swift */; };
		9EF90CC92353CA4400127322 /* BecomeGrowthHostPopUpViewController.swift in Sources */ = {isa = PBXBuildFile; fileRef = 9EF90CC82353CA4400127322 /* BecomeGrowthHostPopUpViewController.swift */; };
		9EF90CCB2353CA9300127322 /* SubscriptionsListViewController.swift in Sources */ = {isa = PBXBuildFile; fileRef = 9EF90CCA2353CA9300127322 /* SubscriptionsListViewController.swift */; };
		9EFE669B2360F68F002CF9C8 /* AddFeedPopUpViewController.swift in Sources */ = {isa = PBXBuildFile; fileRef = 9EFE669A2360F68F002CF9C8 /* AddFeedPopUpViewController.swift */; };
/* End PBXBuildFile section */

/* Begin PBXContainerItemProxy section */
		9EA55F7C233C208E003A1EBB /* PBXContainerItemProxy */ = {
			isa = PBXContainerItemProxy;
			containerPortal = 9EA55F5F233C208D003A1EBB /* Project object */;
			proxyType = 1;
			remoteGlobalIDString = 9EA55F66233C208D003A1EBB;
			remoteInfo = ViaYou;
		};
		9EA55F87233C208E003A1EBB /* PBXContainerItemProxy */ = {
			isa = PBXContainerItemProxy;
			containerPortal = 9EA55F5F233C208D003A1EBB /* Project object */;
			proxyType = 1;
			remoteGlobalIDString = 9EA55F66233C208D003A1EBB;
			remoteInfo = ViaYou;
		};
/* End PBXContainerItemProxy section */

/* Begin PBXFileReference section */
		13C90EB2FB1356E9CB769BE2 /* Pods_ViaYou.framework */ = {isa = PBXFileReference; explicitFileType = wrapper.framework; includeInIndex = 0; path = Pods_ViaYou.framework; sourceTree = BUILT_PRODUCTS_DIR; };
		3DE306DBB2B381298A5B0ED6 /* Pods-ViaYou.debug.xcconfig */ = {isa = PBXFileReference; includeInIndex = 1; lastKnownFileType = text.xcconfig; name = "Pods-ViaYou.debug.xcconfig"; path = "Target Support Files/Pods-ViaYou/Pods-ViaYou.debug.xcconfig"; sourceTree = "<group>"; };
		8AD4C12220E84767F923027F /* Pods-ViaYou.release.xcconfig */ = {isa = PBXFileReference; includeInIndex = 1; lastKnownFileType = text.xcconfig; name = "Pods-ViaYou.release.xcconfig"; path = "Target Support Files/Pods-ViaYou/Pods-ViaYou.release.xcconfig"; sourceTree = "<group>"; };
		9E05C4AA235D02A5000F80C3 /* Mobile App T&C Conditions.rtf */ = {isa = PBXFileReference; fileEncoding = 4; lastKnownFileType = text.rtf; path = "Mobile App T&C Conditions.rtf"; sourceTree = "<group>"; };
		9E05C4AB235D02A5000F80C3 /* Privacy Policy.rtf */ = {isa = PBXFileReference; fileEncoding = 4; lastKnownFileType = text.rtf; path = "Privacy Policy.rtf"; sourceTree = "<group>"; };
		9E05C4AE235D0341000F80C3 /* TermsNConditionsViewController.swift */ = {isa = PBXFileReference; lastKnownFileType = sourcecode.swift; path = TermsNConditionsViewController.swift; sourceTree = "<group>"; };
		9E05C4B0235D0358000F80C3 /* PrivacyPolicyViewController.swift */ = {isa = PBXFileReference; lastKnownFileType = sourcecode.swift; path = PrivacyPolicyViewController.swift; sourceTree = "<group>"; };
		9E10ED0D234D748A00C54F84 /* ProfileDropdownTableViewCell.swift */ = {isa = PBXFileReference; lastKnownFileType = sourcecode.swift; path = ProfileDropdownTableViewCell.swift; sourceTree = "<group>"; };
		9E14A44123591F2400F56891 /* InstagramUserResponse.swift */ = {isa = PBXFileReference; lastKnownFileType = sourcecode.swift; path = InstagramUserResponse.swift; sourceTree = "<group>"; };
		9E14A4452359205900F56891 /* ViaYou-Bridging-Header.h */ = {isa = PBXFileReference; lastKnownFileType = sourcecode.c.h; path = "ViaYou-Bridging-Header.h"; sourceTree = "<group>"; };
		9E14A4462359205900F56891 /* JMImageCache.m */ = {isa = PBXFileReference; fileEncoding = 4; lastKnownFileType = sourcecode.c.objc; path = JMImageCache.m; sourceTree = "<group>"; };
		9E14A4472359205900F56891 /* JMImageCache.h */ = {isa = PBXFileReference; fileEncoding = 4; lastKnownFileType = sourcecode.c.h; path = JMImageCache.h; sourceTree = "<group>"; };
		9E14A4482359205A00F56891 /* UIImageView+JMImageCache.h */ = {isa = PBXFileReference; fileEncoding = 4; lastKnownFileType = sourcecode.c.h; path = "UIImageView+JMImageCache.h"; sourceTree = "<group>"; };
		9E14A4492359205A00F56891 /* UIImageView+JMImageCache.m */ = {isa = PBXFileReference; fileEncoding = 4; lastKnownFileType = sourcecode.c.objc; path = "UIImageView+JMImageCache.m"; sourceTree = "<group>"; };
		9E14A44E23593F8600F56891 /* DeleteVideoResponse.swift */ = {isa = PBXFileReference; lastKnownFileType = sourcecode.swift; path = DeleteVideoResponse.swift; sourceTree = "<group>"; };
		9E159F01235E58F70033FBE6 /* DefaultWrapper.swift */ = {isa = PBXFileReference; lastKnownFileType = sourcecode.swift; path = DefaultWrapper.swift; sourceTree = "<group>"; };
		9E159F03235E59100033FBE6 /* PaymentCompletedViewController.swift */ = {isa = PBXFileReference; lastKnownFileType = sourcecode.swift; path = PaymentCompletedViewController.swift; sourceTree = "<group>"; };
		9E159F07235E6DE30033FBE6 /* FetchSubscriptionResponse.swift */ = {isa = PBXFileReference; lastKnownFileType = sourcecode.swift; path = FetchSubscriptionResponse.swift; sourceTree = "<group>"; };
		9E159F0D235E8A280033FBE6 /* DeletedVideosCollectionViewCell.swift */ = {isa = PBXFileReference; lastKnownFileType = sourcecode.swift; path = DeletedVideosCollectionViewCell.swift; sourceTree = "<group>"; };
		9E159F0F235E8A4F0033FBE6 /* DeletedVideosViewController.swift */ = {isa = PBXFileReference; lastKnownFileType = sourcecode.swift; path = DeletedVideosViewController.swift; sourceTree = "<group>"; };
		9E2091D0236A3193005D8919 /* MergeVideoInfoViewController.swift */ = {isa = PBXFileReference; lastKnownFileType = sourcecode.swift; path = MergeVideoInfoViewController.swift; sourceTree = "<group>"; };
		9E2723052374B99D006E93FE /* UserTipsViewController.swift */ = {isa = PBXFileReference; lastKnownFileType = sourcecode.swift; path = UserTipsViewController.swift; sourceTree = "<group>"; };
		9E27E557235513BE00B2EEFD /* FeatureResuestPage_1ViewController.swift */ = {isa = PBXFileReference; lastKnownFileType = sourcecode.swift; path = FeatureResuestPage_1ViewController.swift; sourceTree = "<group>"; };
		9E27E559235513E000B2EEFD /* FeatureResuestPage_2ViewController.swift */ = {isa = PBXFileReference; lastKnownFileType = sourcecode.swift; path = FeatureResuestPage_2ViewController.swift; sourceTree = "<group>"; };
		9E2970D5234E7FA1003BC282 /* UpgradeAndSubscriptionBaseViewController.swift */ = {isa = PBXFileReference; lastKnownFileType = sourcecode.swift; path = UpgradeAndSubscriptionBaseViewController.swift; sourceTree = "<group>"; };
		9E2970D7234E7FC6003BC282 /* UpgradeSoloHostViewController.swift */ = {isa = PBXFileReference; lastKnownFileType = sourcecode.swift; path = UpgradeSoloHostViewController.swift; sourceTree = "<group>"; };
		9E2970D9234E7FDE003BC282 /* UpgradeGrowthHostViewController.swift */ = {isa = PBXFileReference; lastKnownFileType = sourcecode.swift; path = UpgradeGrowthHostViewController.swift; sourceTree = "<group>"; };
		9E2970DB234E7FF6003BC282 /* UpgradeProHostViewController.swift */ = {isa = PBXFileReference; lastKnownFileType = sourcecode.swift; path = UpgradeProHostViewController.swift; sourceTree = "<group>"; };
		9E2970DD234E8012003BC282 /* SubscriptionBaseViewController.swift */ = {isa = PBXFileReference; lastKnownFileType = sourcecode.swift; path = SubscriptionBaseViewController.swift; sourceTree = "<group>"; };
		9E2B87992344003C00941DF2 /* LibraryFeedsViewController.swift */ = {isa = PBXFileReference; lastKnownFileType = sourcecode.swift; path = LibraryFeedsViewController.swift; sourceTree = "<group>"; };
		9E2B879B2344005B00941DF2 /* NoScreenCastsPopUpViewController.swift */ = {isa = PBXFileReference; lastKnownFileType = sourcecode.swift; path = NoScreenCastsPopUpViewController.swift; sourceTree = "<group>"; };
		9E2B879D2344007700941DF2 /* LessSpacePopUpViewController.swift */ = {isa = PBXFileReference; lastKnownFileType = sourcecode.swift; path = LessSpacePopUpViewController.swift; sourceTree = "<group>"; };
		9E2B879F234400F200941DF2 /* LibraryFeedsCollectionViewCell.swift */ = {isa = PBXFileReference; lastKnownFileType = sourcecode.swift; path = LibraryFeedsCollectionViewCell.swift; sourceTree = "<group>"; };
		9E2B87A12344020500941DF2 /* SignInViewController.swift */ = {isa = PBXFileReference; lastKnownFileType = sourcecode.swift; path = SignInViewController.swift; sourceTree = "<group>"; };
		9E31CB4E23625D8E003651A1 /* InfoVC.swift */ = {isa = PBXFileReference; fileEncoding = 4; lastKnownFileType = sourcecode.swift; path = InfoVC.swift; sourceTree = "<group>"; };
		9E31CB4F23625D8F003651A1 /* MergeTagPopUpViewController.swift */ = {isa = PBXFileReference; fileEncoding = 4; lastKnownFileType = sourcecode.swift; path = MergeTagPopUpViewController.swift; sourceTree = "<group>"; };
		9E31CB5023625D8F003651A1 /* RecordedVideoPreviewVC.swift */ = {isa = PBXFileReference; fileEncoding = 4; lastKnownFileType = sourcecode.swift; path = RecordedVideoPreviewVC.swift; sourceTree = "<group>"; };
		9E31CB5123625D8F003651A1 /* RecordFantVideoVC.swift */ = {isa = PBXFileReference; fileEncoding = 4; lastKnownFileType = sourcecode.swift; path = RecordFantVideoVC.swift; sourceTree = "<group>"; };
		9E31CB5223625D8F003651A1 /* MergeVideoDescriptionPopUpViewController.swift */ = {isa = PBXFileReference; fileEncoding = 4; lastKnownFileType = sourcecode.swift; path = MergeVideoDescriptionPopUpViewController.swift; sourceTree = "<group>"; };
		9E31CB5323625D8F003651A1 /* MergeTagPopUpTableViewCell.swift */ = {isa = PBXFileReference; fileEncoding = 4; lastKnownFileType = sourcecode.swift; path = MergeTagPopUpTableViewCell.swift; sourceTree = "<group>"; };
		9E31CB5423625D90003651A1 /* MergeProductBrandCompanyPopUpViewController.swift */ = {isa = PBXFileReference; fileEncoding = 4; lastKnownFileType = sourcecode.swift; path = MergeProductBrandCompanyPopUpViewController.swift; sourceTree = "<group>"; };
		9E31CB5523625D90003651A1 /* MergeVideo.swift */ = {isa = PBXFileReference; fileEncoding = 4; lastKnownFileType = sourcecode.swift; path = MergeVideo.swift; sourceTree = "<group>"; };
		9E31CB5623625D90003651A1 /* VideoRecordVC.swift */ = {isa = PBXFileReference; fileEncoding = 4; lastKnownFileType = sourcecode.swift; path = VideoRecordVC.swift; sourceTree = "<group>"; };
		9E3485B5234A8FC100DFADC9 /* ContactsViewController.swift */ = {isa = PBXFileReference; lastKnownFileType = sourcecode.swift; path = ContactsViewController.swift; sourceTree = "<group>"; };
		9E3485B7234A8FEE00DFADC9 /* PhoneContact.swift */ = {isa = PBXFileReference; lastKnownFileType = sourcecode.swift; path = PhoneContact.swift; sourceTree = "<group>"; };
		9E3485B9234A903F00DFADC9 /* ContactsTableViewCell.swift */ = {isa = PBXFileReference; lastKnownFileType = sourcecode.swift; path = ContactsTableViewCell.swift; sourceTree = "<group>"; };
		9E3485BD234AE5E400DFADC9 /* ReferralResponse.swift */ = {isa = PBXFileReference; lastKnownFileType = sourcecode.swift; path = ReferralResponse.swift; sourceTree = "<group>"; };
		9E34D01C2357FDF40085ABAA /* StripePaymentViewController.swift */ = {isa = PBXFileReference; lastKnownFileType = sourcecode.swift; path = StripePaymentViewController.swift; sourceTree = "<group>"; };
		9E34D01E2357FE1E0085ABAA /* SubscriptionResponse.swift */ = {isa = PBXFileReference; lastKnownFileType = sourcecode.swift; path = SubscriptionResponse.swift; sourceTree = "<group>"; };
		9E403A38234434AE002E3749 /* ApiManager.swift */ = {isa = PBXFileReference; lastKnownFileType = sourcecode.swift; path = ApiManager.swift; sourceTree = "<group>"; };
		9E403A3B2344352B002E3749 /* RegisterResponse.swift */ = {isa = PBXFileReference; lastKnownFileType = sourcecode.swift; path = RegisterResponse.swift; sourceTree = "<group>"; };
		9E403A3D23443F0B002E3749 /* Constants.swift */ = {isa = PBXFileReference; lastKnownFileType = sourcecode.swift; path = Constants.swift; sourceTree = "<group>"; };
		9E403A3F23443F34002E3749 /* InstagramSignInViewController.swift */ = {isa = PBXFileReference; lastKnownFileType = sourcecode.swift; path = InstagramSignInViewController.swift; sourceTree = "<group>"; };
		9E403A4123443FDA002E3749 /* InstagramAuthResponseModel.swift */ = {isa = PBXFileReference; lastKnownFileType = sourcecode.swift; path = InstagramAuthResponseModel.swift; sourceTree = "<group>"; };
		9E403A4323443FF5002E3749 /* InstagramUserDetailsResponse.swift */ = {isa = PBXFileReference; lastKnownFileType = sourcecode.swift; path = InstagramUserDetailsResponse.swift; sourceTree = "<group>"; };
		9E5085B523595AC700857277 /* VideoViewController.swift */ = {isa = PBXFileReference; lastKnownFileType = sourcecode.swift; path = VideoViewController.swift; sourceTree = "<group>"; };
		9E726A282372123900AF1D61 /* ViaYou.entitlements */ = {isa = PBXFileReference; lastKnownFileType = text.plist.entitlements; path = ViaYou.entitlements; sourceTree = "<group>"; };
		9E726A29237212ED00AF1D61 /* GoogleService-Info.plist */ = {isa = PBXFileReference; fileEncoding = 4; lastKnownFileType = text.plist.xml; path = "GoogleService-Info.plist"; sourceTree = "<group>"; };
		9E91AE1C234D33290044AB5C /* HomeInfoTableViewCell.swift */ = {isa = PBXFileReference; lastKnownFileType = sourcecode.swift; path = HomeInfoTableViewCell.swift; sourceTree = "<group>"; };
		9EA55F67233C208D003A1EBB /* ViaYou.app */ = {isa = PBXFileReference; explicitFileType = wrapper.application; includeInIndex = 0; path = ViaYou.app; sourceTree = BUILT_PRODUCTS_DIR; };
		9EA55F6A233C208D003A1EBB /* AppDelegate.swift */ = {isa = PBXFileReference; lastKnownFileType = sourcecode.swift; path = AppDelegate.swift; sourceTree = "<group>"; };
		9EA55F6C233C208D003A1EBB /* ViewController.swift */ = {isa = PBXFileReference; lastKnownFileType = sourcecode.swift; path = ViewController.swift; sourceTree = "<group>"; };
		9EA55F6F233C208D003A1EBB /* Base */ = {isa = PBXFileReference; lastKnownFileType = file.storyboard; name = Base; path = Base.lproj/Main.storyboard; sourceTree = "<group>"; };
		9EA55F71233C208E003A1EBB /* Assets.xcassets */ = {isa = PBXFileReference; lastKnownFileType = folder.assetcatalog; path = Assets.xcassets; sourceTree = "<group>"; };
		9EA55F74233C208E003A1EBB /* Base */ = {isa = PBXFileReference; lastKnownFileType = file.storyboard; name = Base; path = Base.lproj/LaunchScreen.storyboard; sourceTree = "<group>"; };
		9EA55F76233C208E003A1EBB /* Info.plist */ = {isa = PBXFileReference; lastKnownFileType = text.plist.xml; path = Info.plist; sourceTree = "<group>"; };
		9EA55F7B233C208E003A1EBB /* ViaYouTests.xctest */ = {isa = PBXFileReference; explicitFileType = wrapper.cfbundle; includeInIndex = 0; path = ViaYouTests.xctest; sourceTree = BUILT_PRODUCTS_DIR; };
		9EA55F7F233C208E003A1EBB /* ViaYouTests.swift */ = {isa = PBXFileReference; lastKnownFileType = sourcecode.swift; path = ViaYouTests.swift; sourceTree = "<group>"; };
		9EA55F81233C208E003A1EBB /* Info.plist */ = {isa = PBXFileReference; lastKnownFileType = text.plist.xml; path = Info.plist; sourceTree = "<group>"; };
		9EA55F86233C208E003A1EBB /* ViaYouUITests.xctest */ = {isa = PBXFileReference; explicitFileType = wrapper.cfbundle; includeInIndex = 0; path = ViaYouUITests.xctest; sourceTree = BUILT_PRODUCTS_DIR; };
		9EA55F8A233C208E003A1EBB /* ViaYouUITests.swift */ = {isa = PBXFileReference; lastKnownFileType = sourcecode.swift; path = ViaYouUITests.swift; sourceTree = "<group>"; };
		9EA55F8C233C208E003A1EBB /* Info.plist */ = {isa = PBXFileReference; lastKnownFileType = text.plist.xml; path = Info.plist; sourceTree = "<group>"; };
		9EA55F98233C29FB003A1EBB /* SplashViewController.swift */ = {isa = PBXFileReference; lastKnownFileType = sourcecode.swift; path = SplashViewController.swift; sourceTree = "<group>"; };
		9EA55F9A233C2B04003A1EBB /* NewLaunchViewController.swift */ = {isa = PBXFileReference; lastKnownFileType = sourcecode.swift; path = NewLaunchViewController.swift; sourceTree = "<group>"; };
		9EA55F9C233C2B24003A1EBB /* SignUpViewController.swift */ = {isa = PBXFileReference; lastKnownFileType = sourcecode.swift; path = SignUpViewController.swift; sourceTree = "<group>"; };
		9EA55F9E233C2B3F003A1EBB /* SignUpMobileEntryViewController.swift */ = {isa = PBXFileReference; lastKnownFileType = sourcecode.swift; path = SignUpMobileEntryViewController.swift; sourceTree = "<group>"; };
		9EA55FA0233C2B6A003A1EBB /* SignUpPasswordEntryViewController.swift */ = {isa = PBXFileReference; lastKnownFileType = sourcecode.swift; path = SignUpPasswordEntryViewController.swift; sourceTree = "<group>"; };
		9EA55FA2233C2CB9003A1EBB /* NewSignInViewController.swift */ = {isa = PBXFileReference; lastKnownFileType = sourcecode.swift; path = NewSignInViewController.swift; sourceTree = "<group>"; };
		9EA55FA4233C3628003A1EBB /* ExtensionManager.swift */ = {isa = PBXFileReference; lastKnownFileType = sourcecode.swift; path = ExtensionManager.swift; sourceTree = "<group>"; };
		9EA55FA6233C5099003A1EBB /* InviteFriendsViewController.swift */ = {isa = PBXFileReference; lastKnownFileType = sourcecode.swift; path = InviteFriendsViewController.swift; sourceTree = "<group>"; };
		9EB6E341234592870086A131 /* LibraryFeedResponse.swift */ = {isa = PBXFileReference; lastKnownFileType = sourcecode.swift; path = LibraryFeedResponse.swift; sourceTree = "<group>"; };
		9ECDE2EA2356891F009D0BBE /* BucketSizeResponse.swift */ = {isa = PBXFileReference; lastKnownFileType = sourcecode.swift; path = BucketSizeResponse.swift; sourceTree = "<group>"; };
		9EE57BF523628ADE00CAC421 /* AddTwoMenuViewController.swift */ = {isa = PBXFileReference; lastKnownFileType = sourcecode.swift; path = AddTwoMenuViewController.swift; sourceTree = "<group>"; };
		9EEEFF2F236698C400A6332E /* InstagramAccessResponse.swift */ = {isa = PBXFileReference; lastKnownFileType = sourcecode.swift; path = InstagramAccessResponse.swift; sourceTree = "<group>"; };
		9EF50BC62346DC3700D255FF /* monarcha_regular.ttf */ = {isa = PBXFileReference; lastKnownFileType = file; path = monarcha_regular.ttf; sourceTree = "<group>"; };
		9EF50BC72346DC3700D255FF /* Monarcha_SemiBold.ttf */ = {isa = PBXFileReference; lastKnownFileType = file; path = Monarcha_SemiBold.ttf; sourceTree = "<group>"; };
		9EF50BC82346DC3700D255FF /* Monarcha_Bold.ttf */ = {isa = PBXFileReference; lastKnownFileType = file; path = Monarcha_Bold.ttf; sourceTree = "<group>"; };
		9EF90CBE2353C90700127322 /* response.json */ = {isa = PBXFileReference; fileEncoding = 4; lastKnownFileType = text.json; path = response.json; sourceTree = "<group>"; };
		9EF90CC02353C95600127322 /* SubscriptionBaseViewTableViewCell.swift */ = {isa = PBXFileReference; lastKnownFileType = sourcecode.swift; path = SubscriptionBaseViewTableViewCell.swift; sourceTree = "<group>"; };
		9EF90CC22353C98100127322 /* SubscriptionListSoloTableViewCell.swift */ = {isa = PBXFileReference; lastKnownFileType = sourcecode.swift; path = SubscriptionListSoloTableViewCell.swift; sourceTree = "<group>"; };
		9EF90CC42353C9A000127322 /* SubscriptionListGrowthTableViewCell.swift */ = {isa = PBXFileReference; lastKnownFileType = sourcecode.swift; path = SubscriptionListGrowthTableViewCell.swift; sourceTree = "<group>"; };
		9EF90CC62353C9BA00127322 /* SubscriptionListProTableViewCell.swift */ = {isa = PBXFileReference; lastKnownFileType = sourcecode.swift; path = SubscriptionListProTableViewCell.swift; sourceTree = "<group>"; };
		9EF90CC82353CA4400127322 /* BecomeGrowthHostPopUpViewController.swift */ = {isa = PBXFileReference; lastKnownFileType = sourcecode.swift; path = BecomeGrowthHostPopUpViewController.swift; sourceTree = "<group>"; };
		9EF90CCA2353CA9300127322 /* SubscriptionsListViewController.swift */ = {isa = PBXFileReference; lastKnownFileType = sourcecode.swift; path = SubscriptionsListViewController.swift; sourceTree = "<group>"; };
		9EFE669A2360F68F002CF9C8 /* AddFeedPopUpViewController.swift */ = {isa = PBXFileReference; lastKnownFileType = sourcecode.swift; path = AddFeedPopUpViewController.swift; sourceTree = "<group>"; };
/* End PBXFileReference section */

/* Begin PBXFrameworksBuildPhase section */
		9EA55F64233C208D003A1EBB /* Frameworks */ = {
			isa = PBXFrameworksBuildPhase;
			buildActionMask = 2147483647;
			files = (
				35C1715EE68562856F59982F /* Pods_ViaYou.framework in Frameworks */,
			);
			runOnlyForDeploymentPostprocessing = 0;
		};
		9EA55F78233C208E003A1EBB /* Frameworks */ = {
			isa = PBXFrameworksBuildPhase;
			buildActionMask = 2147483647;
			files = (
			);
			runOnlyForDeploymentPostprocessing = 0;
		};
		9EA55F83233C208E003A1EBB /* Frameworks */ = {
			isa = PBXFrameworksBuildPhase;
			buildActionMask = 2147483647;
			files = (
			);
			runOnlyForDeploymentPostprocessing = 0;
		};
/* End PBXFrameworksBuildPhase section */

/* Begin PBXGroup section */
		9E10ED0C234D746500C54F84 /* UserProfileTableViewCells */ = {
			isa = PBXGroup;
			children = (
				9E10ED0D234D748A00C54F84 /* ProfileDropdownTableViewCell.swift */,
			);
			path = UserProfileTableViewCells;
			sourceTree = "<group>";
		};
		9E14A4432359202F00F56891 /* Libraries */ = {
			isa = PBXGroup;
			children = (
				9E14A4442359204000F56891 /* JMImageCache */,
			);
			path = Libraries;
			sourceTree = "<group>";
		};
		9E14A4442359204000F56891 /* JMImageCache */ = {
			isa = PBXGroup;
			children = (
				9E14A4472359205900F56891 /* JMImageCache.h */,
				9E14A4462359205900F56891 /* JMImageCache.m */,
				9E14A4482359205A00F56891 /* UIImageView+JMImageCache.h */,
				9E14A4492359205A00F56891 /* UIImageView+JMImageCache.m */,
				9E14A4452359205900F56891 /* ViaYou-Bridging-Header.h */,
			);
			path = JMImageCache;
			sourceTree = "<group>";
		};
		9E2B87982343FED700941DF2 /* Models */ = {
			isa = PBXGroup;
			children = (
				9EA55FA4233C3628003A1EBB /* ExtensionManager.swift */,
				9E2B879F234400F200941DF2 /* LibraryFeedsCollectionViewCell.swift */,
				9E403A38234434AE002E3749 /* ApiManager.swift */,
				9E403A3D23443F0B002E3749 /* Constants.swift */,
				9E3485B7234A8FEE00DFADC9 /* PhoneContact.swift */,
				9E3485B9234A903F00DFADC9 /* ContactsTableViewCell.swift */,
				9E91AE1C234D33290044AB5C /* HomeInfoTableViewCell.swift */,
				9EF90CC02353C95600127322 /* SubscriptionBaseViewTableViewCell.swift */,
				9EF90CC22353C98100127322 /* SubscriptionListSoloTableViewCell.swift */,
				9EF90CC42353C9A000127322 /* SubscriptionListGrowthTableViewCell.swift */,
				9EF90CC62353C9BA00127322 /* SubscriptionListProTableViewCell.swift */,
				9E159F01235E58F70033FBE6 /* DefaultWrapper.swift */,
				9E159F0D235E8A280033FBE6 /* DeletedVideosCollectionViewCell.swift */,
			);
			path = Models;
			sourceTree = "<group>";
		};
		9E31CB4D23625D60003651A1 /* Video Merging */ = {
			isa = PBXGroup;
			children = (
				9E31CB4E23625D8E003651A1 /* InfoVC.swift */,
				9E31CB5423625D90003651A1 /* MergeProductBrandCompanyPopUpViewController.swift */,
				9E31CB5323625D8F003651A1 /* MergeTagPopUpTableViewCell.swift */,
				9E31CB4F23625D8F003651A1 /* MergeTagPopUpViewController.swift */,
				9E31CB5523625D90003651A1 /* MergeVideo.swift */,
				9E31CB5223625D8F003651A1 /* MergeVideoDescriptionPopUpViewController.swift */,
				9E31CB5023625D8F003651A1 /* RecordedVideoPreviewVC.swift */,
				9E31CB5123625D8F003651A1 /* RecordFantVideoVC.swift */,
				9E31CB5623625D90003651A1 /* VideoRecordVC.swift */,
				9E2091D0236A3193005D8919 /* MergeVideoInfoViewController.swift */,
			);
			path = "Video Merging";
			sourceTree = "<group>";
		};
		9E403A3A2344351C002E3749 /* Response Models */ = {
			isa = PBXGroup;
			children = (
				9E403A3B2344352B002E3749 /* RegisterResponse.swift */,
				9EEEFF2F236698C400A6332E /* InstagramAccessResponse.swift */,
				9E403A4123443FDA002E3749 /* InstagramAuthResponseModel.swift */,
				9E403A4323443FF5002E3749 /* InstagramUserDetailsResponse.swift */,
				9EB6E341234592870086A131 /* LibraryFeedResponse.swift */,
				9E3485BD234AE5E400DFADC9 /* ReferralResponse.swift */,
				9ECDE2EA2356891F009D0BBE /* BucketSizeResponse.swift */,
				9E34D01E2357FE1E0085ABAA /* SubscriptionResponse.swift */,
				9E14A44123591F2400F56891 /* InstagramUserResponse.swift */,
				9E14A44E23593F8600F56891 /* DeleteVideoResponse.swift */,
				9E159F07235E6DE30033FBE6 /* FetchSubscriptionResponse.swift */,
			);
			path = "Response Models";
			sourceTree = "<group>";
		};
		9EA55F5E233C208D003A1EBB = {
			isa = PBXGroup;
			children = (
				9EA55F69233C208D003A1EBB /* ViaYou */,
				9EA55F7E233C208E003A1EBB /* ViaYouTests */,
				9EA55F89233C208E003A1EBB /* ViaYouUITests */,
				9EA55F68233C208D003A1EBB /* Products */,
				D815FFEF80968839D0696CF9 /* Pods */,
				E60C6272BB1EDD2DF60C4A63 /* Frameworks */,
			);
			sourceTree = "<group>";
		};
		9EA55F68233C208D003A1EBB /* Products */ = {
			isa = PBXGroup;
			children = (
				9EA55F67233C208D003A1EBB /* ViaYou.app */,
				9EA55F7B233C208E003A1EBB /* ViaYouTests.xctest */,
				9EA55F86233C208E003A1EBB /* ViaYouUITests.xctest */,
			);
			name = Products;
			sourceTree = "<group>";
		};
		9EA55F69233C208D003A1EBB /* ViaYou */ = {
			isa = PBXGroup;
			children = (
				9E726A282372123900AF1D61 /* ViaYou.entitlements */,
				9E31CB4D23625D60003651A1 /* Video Merging */,
				9E14A4432359202F00F56891 /* Libraries */,
				9EF90CBE2353C90700127322 /* response.json */,
				9E10ED0C234D746500C54F84 /* UserProfileTableViewCells */,
				9EF50BC52346DC1D00D255FF /* Resources */,
				9E403A3A2344351C002E3749 /* Response Models */,
				9E2B87982343FED700941DF2 /* Models */,
				9EA55F6A233C208D003A1EBB /* AppDelegate.swift */,
				9EA55F6C233C208D003A1EBB /* ViewController.swift */,
				9EA55F6E233C208D003A1EBB /* Main.storyboard */,
				9EA55F73233C208E003A1EBB /* LaunchScreen.storyboard */,
				9EA55F76233C208E003A1EBB /* Info.plist */,
				9EA55F98233C29FB003A1EBB /* SplashViewController.swift */,
				9EA55F9A233C2B04003A1EBB /* NewLaunchViewController.swift */,
				9EA55F9C233C2B24003A1EBB /* SignUpViewController.swift */,
				9EA55F9E233C2B3F003A1EBB /* SignUpMobileEntryViewController.swift */,
				9EA55FA0233C2B6A003A1EBB /* SignUpPasswordEntryViewController.swift */,
				9E2B87A12344020500941DF2 /* SignInViewController.swift */,
				9E2723052374B99D006E93FE /* UserTipsViewController.swift */,
				9EA55FA2233C2CB9003A1EBB /* NewSignInViewController.swift */,
				9EA55FA6233C5099003A1EBB /* InviteFriendsViewController.swift */,
				9E2B87992344003C00941DF2 /* LibraryFeedsViewController.swift */,
				9E5085B523595AC700857277 /* VideoViewController.swift */,
				9E2B879B2344005B00941DF2 /* NoScreenCastsPopUpViewController.swift */,
				9E2B879D2344007700941DF2 /* LessSpacePopUpViewController.swift */,
				9E403A3F23443F34002E3749 /* InstagramSignInViewController.swift */,
				9E3485B5234A8FC100DFADC9 /* ContactsViewController.swift */,
				9EF90CC82353CA4400127322 /* BecomeGrowthHostPopUpViewController.swift */,
				9E2970D5234E7FA1003BC282 /* UpgradeAndSubscriptionBaseViewController.swift */,
				9E2970D7234E7FC6003BC282 /* UpgradeSoloHostViewController.swift */,
				9E2970D9234E7FDE003BC282 /* UpgradeGrowthHostViewController.swift */,
				9E2970DB234E7FF6003BC282 /* UpgradeProHostViewController.swift */,
				9E34D01C2357FDF40085ABAA /* StripePaymentViewController.swift */,
				9E2970DD234E8012003BC282 /* SubscriptionBaseViewController.swift */,
				9EF90CCA2353CA9300127322 /* SubscriptionsListViewController.swift */,
				9E27E557235513BE00B2EEFD /* FeatureResuestPage_1ViewController.swift */,
				9E27E559235513E000B2EEFD /* FeatureResuestPage_2ViewController.swift */,
				9E05C4AE235D0341000F80C3 /* TermsNConditionsViewController.swift */,
				9E05C4B0235D0358000F80C3 /* PrivacyPolicyViewController.swift */,
				9E159F03235E59100033FBE6 /* PaymentCompletedViewController.swift */,
				9E159F0F235E8A4F0033FBE6 /* DeletedVideosViewController.swift */,
				9EFE669A2360F68F002CF9C8 /* AddFeedPopUpViewController.swift */,
				9EE57BF523628ADE00CAC421 /* AddTwoMenuViewController.swift */,
			);
			path = ViaYou;
			sourceTree = "<group>";
		};
		9EA55F7E233C208E003A1EBB /* ViaYouTests */ = {
			isa = PBXGroup;
			children = (
				9EA55F7F233C208E003A1EBB /* ViaYouTests.swift */,
				9EA55F81233C208E003A1EBB /* Info.plist */,
			);
			path = ViaYouTests;
			sourceTree = "<group>";
		};
		9EA55F89233C208E003A1EBB /* ViaYouUITests */ = {
			isa = PBXGroup;
			children = (
				9EA55F8A233C208E003A1EBB /* ViaYouUITests.swift */,
				9EA55F8C233C208E003A1EBB /* Info.plist */,
			);
			path = ViaYouUITests;
			sourceTree = "<group>";
		};
		9EF50BC52346DC1D00D255FF /* Resources */ = {
			isa = PBXGroup;
			children = (
				9E05C4AA235D02A5000F80C3 /* Mobile App T&C Conditions.rtf */,
				9E05C4AB235D02A5000F80C3 /* Privacy Policy.rtf */,
				9EF50BC82346DC3700D255FF /* Monarcha_Bold.ttf */,
				9EF50BC62346DC3700D255FF /* monarcha_regular.ttf */,
				9EF50BC72346DC3700D255FF /* Monarcha_SemiBold.ttf */,
				9EA55F71233C208E003A1EBB /* Assets.xcassets */,
				9E726A29237212ED00AF1D61 /* GoogleService-Info.plist */,
			);
			path = Resources;
			sourceTree = "<group>";
		};
		D815FFEF80968839D0696CF9 /* Pods */ = {
			isa = PBXGroup;
			children = (
				3DE306DBB2B381298A5B0ED6 /* Pods-ViaYou.debug.xcconfig */,
				8AD4C12220E84767F923027F /* Pods-ViaYou.release.xcconfig */,
			);
			path = Pods;
			sourceTree = "<group>";
		};
		E60C6272BB1EDD2DF60C4A63 /* Frameworks */ = {
			isa = PBXGroup;
			children = (
				13C90EB2FB1356E9CB769BE2 /* Pods_ViaYou.framework */,
			);
			name = Frameworks;
			sourceTree = "<group>";
		};
/* End PBXGroup section */

/* Begin PBXNativeTarget section */
		9EA55F66233C208D003A1EBB /* ViaYou */ = {
			isa = PBXNativeTarget;
			buildConfigurationList = 9EA55F8F233C208E003A1EBB /* Build configuration list for PBXNativeTarget "ViaYou" */;
			buildPhases = (
				D1DBF4CA9E023932BCF9D5FE /* [CP] Check Pods Manifest.lock */,
				9EA55F63233C208D003A1EBB /* Sources */,
				9EA55F64233C208D003A1EBB /* Frameworks */,
				9EA55F65233C208D003A1EBB /* Resources */,
				CB178984853CE38CD3056BB1 /* [CP] Embed Pods Frameworks */,
				82849BD17759728A3B5F16E4 /* [CP] Copy Pods Resources */,
				9E2D5B5F23739EC10089A0BF /* ShellScript */,
			);
			buildRules = (
			);
			dependencies = (
			);
			name = ViaYou;
			productName = ViaYou;
			productReference = 9EA55F67233C208D003A1EBB /* ViaYou.app */;
			productType = "com.apple.product-type.application";
		};
		9EA55F7A233C208E003A1EBB /* ViaYouTests */ = {
			isa = PBXNativeTarget;
			buildConfigurationList = 9EA55F92233C208E003A1EBB /* Build configuration list for PBXNativeTarget "ViaYouTests" */;
			buildPhases = (
				9EA55F77233C208E003A1EBB /* Sources */,
				9EA55F78233C208E003A1EBB /* Frameworks */,
				9EA55F79233C208E003A1EBB /* Resources */,
			);
			buildRules = (
			);
			dependencies = (
				9EA55F7D233C208E003A1EBB /* PBXTargetDependency */,
			);
			name = ViaYouTests;
			productName = ViaYouTests;
			productReference = 9EA55F7B233C208E003A1EBB /* ViaYouTests.xctest */;
			productType = "com.apple.product-type.bundle.unit-test";
		};
		9EA55F85233C208E003A1EBB /* ViaYouUITests */ = {
			isa = PBXNativeTarget;
			buildConfigurationList = 9EA55F95233C208E003A1EBB /* Build configuration list for PBXNativeTarget "ViaYouUITests" */;
			buildPhases = (
				9EA55F82233C208E003A1EBB /* Sources */,
				9EA55F83233C208E003A1EBB /* Frameworks */,
				9EA55F84233C208E003A1EBB /* Resources */,
			);
			buildRules = (
			);
			dependencies = (
				9EA55F88233C208E003A1EBB /* PBXTargetDependency */,
			);
			name = ViaYouUITests;
			productName = ViaYouUITests;
			productReference = 9EA55F86233C208E003A1EBB /* ViaYouUITests.xctest */;
			productType = "com.apple.product-type.bundle.ui-testing";
		};
/* End PBXNativeTarget section */

/* Begin PBXProject section */
		9EA55F5F233C208D003A1EBB /* Project object */ = {
			isa = PBXProject;
			attributes = {
				LastSwiftUpdateCheck = 1020;
				LastUpgradeCheck = 1020;
				ORGANIZATIONNAME = "Promptchu Pty Ltd";
				TargetAttributes = {
					9EA55F66233C208D003A1EBB = {
						CreatedOnToolsVersion = 10.2.1;
						LastSwiftMigration = 1020;
						SystemCapabilities = {
							com.apple.SafariKeychain = {
								enabled = 1;
							};
						};
					};
					9EA55F7A233C208E003A1EBB = {
						CreatedOnToolsVersion = 10.2.1;
						TestTargetID = 9EA55F66233C208D003A1EBB;
					};
					9EA55F85233C208E003A1EBB = {
						CreatedOnToolsVersion = 10.2.1;
						TestTargetID = 9EA55F66233C208D003A1EBB;
					};
				};
			};
			buildConfigurationList = 9EA55F62233C208D003A1EBB /* Build configuration list for PBXProject "ViaYou" */;
			compatibilityVersion = "Xcode 9.3";
			developmentRegion = en;
			hasScannedForEncodings = 0;
			knownRegions = (
				en,
				Base,
			);
			mainGroup = 9EA55F5E233C208D003A1EBB;
			productRefGroup = 9EA55F68233C208D003A1EBB /* Products */;
			projectDirPath = "";
			projectRoot = "";
			targets = (
				9EA55F66233C208D003A1EBB /* ViaYou */,
				9EA55F7A233C208E003A1EBB /* ViaYouTests */,
				9EA55F85233C208E003A1EBB /* ViaYouUITests */,
			);
		};
/* End PBXProject section */

/* Begin PBXResourcesBuildPhase section */
		9EA55F65233C208D003A1EBB /* Resources */ = {
			isa = PBXResourcesBuildPhase;
			buildActionMask = 2147483647;
			files = (
				9EF50BCA2346DC4000D255FF /* monarcha_regular.ttf in Resources */,
				9EA55F75233C208E003A1EBB /* LaunchScreen.storyboard in Resources */,
				9E05C4AD235D02A5000F80C3 /* Privacy Policy.rtf in Resources */,
				9EA55F72233C208E003A1EBB /* Assets.xcassets in Resources */,
				9EF90CBF2353C90700127322 /* response.json in Resources */,
				9EF50BCB2346DC4300D255FF /* Monarcha_SemiBold.ttf in Resources */,
				9EA55F70233C208D003A1EBB /* Main.storyboard in Resources */,
				9E726A2A237212ED00AF1D61 /* GoogleService-Info.plist in Resources */,
				9EF50BC92346DC3D00D255FF /* Monarcha_Bold.ttf in Resources */,
				9E05C4AC235D02A5000F80C3 /* Mobile App T&C Conditions.rtf in Resources */,
			);
			runOnlyForDeploymentPostprocessing = 0;
		};
		9EA55F79233C208E003A1EBB /* Resources */ = {
			isa = PBXResourcesBuildPhase;
			buildActionMask = 2147483647;
			files = (
			);
			runOnlyForDeploymentPostprocessing = 0;
		};
		9EA55F84233C208E003A1EBB /* Resources */ = {
			isa = PBXResourcesBuildPhase;
			buildActionMask = 2147483647;
			files = (
			);
			runOnlyForDeploymentPostprocessing = 0;
		};
/* End PBXResourcesBuildPhase section */

/* Begin PBXShellScriptBuildPhase section */
		82849BD17759728A3B5F16E4 /* [CP] Copy Pods Resources */ = {
			isa = PBXShellScriptBuildPhase;
			buildActionMask = 2147483647;
			files = (
			);
			inputFileListPaths = (
				"${PODS_ROOT}/Target Support Files/Pods-ViaYou/Pods-ViaYou-resources-${CONFIGURATION}-input-files.xcfilelist",
			);
			name = "[CP] Copy Pods Resources";
			outputFileListPaths = (
				"${PODS_ROOT}/Target Support Files/Pods-ViaYou/Pods-ViaYou-resources-${CONFIGURATION}-output-files.xcfilelist",
			);
			runOnlyForDeploymentPostprocessing = 0;
			shellPath = /bin/sh;
			shellScript = "\"${PODS_ROOT}/Target Support Files/Pods-ViaYou/Pods-ViaYou-resources.sh\"\n";
			showEnvVarsInLog = 0;
		};
		9E2D5B5F23739EC10089A0BF /* ShellScript */ = {
			isa = PBXShellScriptBuildPhase;
			buildActionMask = 2147483647;
			files = (
			);
			inputFileListPaths = (
			);
			inputPaths = (
				"$(SRCROOT)/ViaYou/Info.plist",
			);
			outputFileListPaths = (
			);
			outputPaths = (
			);
			runOnlyForDeploymentPostprocessing = 0;
			shellPath = /bin/sh;
			shellScript = "# Type a script or drag a script file from your workspace to insert its path.\n\"${PODS_ROOT}/Fabric/run\"\n";
		};
		CB178984853CE38CD3056BB1 /* [CP] Embed Pods Frameworks */ = {
			isa = PBXShellScriptBuildPhase;
			buildActionMask = 2147483647;
			files = (
			);
			inputFileListPaths = (
				"${PODS_ROOT}/Target Support Files/Pods-ViaYou/Pods-ViaYou-frameworks-${CONFIGURATION}-input-files.xcfilelist",
			);
			name = "[CP] Embed Pods Frameworks";
			outputFileListPaths = (
				"${PODS_ROOT}/Target Support Files/Pods-ViaYou/Pods-ViaYou-frameworks-${CONFIGURATION}-output-files.xcfilelist",
			);
			runOnlyForDeploymentPostprocessing = 0;
			shellPath = /bin/sh;
			shellScript = "\"${PODS_ROOT}/Target Support Files/Pods-ViaYou/Pods-ViaYou-frameworks.sh\"\n";
			showEnvVarsInLog = 0;
		};
		D1DBF4CA9E023932BCF9D5FE /* [CP] Check Pods Manifest.lock */ = {
			isa = PBXShellScriptBuildPhase;
			buildActionMask = 2147483647;
			files = (
			);
			inputFileListPaths = (
			);
			inputPaths = (
				"${PODS_PODFILE_DIR_PATH}/Podfile.lock",
				"${PODS_ROOT}/Manifest.lock",
			);
			name = "[CP] Check Pods Manifest.lock";
			outputFileListPaths = (
			);
			outputPaths = (
				"$(DERIVED_FILE_DIR)/Pods-ViaYou-checkManifestLockResult.txt",
			);
			runOnlyForDeploymentPostprocessing = 0;
			shellPath = /bin/sh;
			shellScript = "diff \"${PODS_PODFILE_DIR_PATH}/Podfile.lock\" \"${PODS_ROOT}/Manifest.lock\" > /dev/null\nif [ $? != 0 ] ; then\n    # print error to STDERR\n    echo \"error: The sandbox is not in sync with the Podfile.lock. Run 'pod install' or update your CocoaPods installation.\" >&2\n    exit 1\nfi\n# This output is used by Xcode 'outputs' to avoid re-running this script phase.\necho \"SUCCESS\" > \"${SCRIPT_OUTPUT_FILE_0}\"\n";
			showEnvVarsInLog = 0;
		};
/* End PBXShellScriptBuildPhase section */

/* Begin PBXSourcesBuildPhase section */
		9EA55F63233C208D003A1EBB /* Sources */ = {
			isa = PBXSourcesBuildPhase;
			buildActionMask = 2147483647;
			files = (
				9E31CB5E23625D90003651A1 /* MergeVideo.swift in Sources */,
				9EF90CCB2353CA9300127322 /* SubscriptionsListViewController.swift in Sources */,
				9E403A39234434AE002E3749 /* ApiManager.swift in Sources */,
				9E3485B6234A8FC100DFADC9 /* ContactsViewController.swift in Sources */,
				9E159F04235E59100033FBE6 /* PaymentCompletedViewController.swift in Sources */,
				9E31CB5823625D90003651A1 /* MergeTagPopUpViewController.swift in Sources */,
				9EE57BF623628ADE00CAC421 /* AddTwoMenuViewController.swift in Sources */,
				9ECDE2EB2356891F009D0BBE /* BucketSizeResponse.swift in Sources */,
				9E14A44B2359205A00F56891 /* UIImageView+JMImageCache.m in Sources */,
				9E2B879A2344003C00941DF2 /* LibraryFeedsViewController.swift in Sources */,
				9E05C4B1235D0358000F80C3 /* PrivacyPolicyViewController.swift in Sources */,
				9EA55F9B233C2B04003A1EBB /* NewLaunchViewController.swift in Sources */,
				9E31CB5F23625D90003651A1 /* VideoRecordVC.swift in Sources */,
				9EA55FA7233C5099003A1EBB /* InviteFriendsViewController.swift in Sources */,
				9E31CB5723625D90003651A1 /* InfoVC.swift in Sources */,
				9E27E558235513BE00B2EEFD /* FeatureResuestPage_1ViewController.swift in Sources */,
				9E05C4AF235D0341000F80C3 /* TermsNConditionsViewController.swift in Sources */,
				9E31CB5D23625D90003651A1 /* MergeProductBrandCompanyPopUpViewController.swift in Sources */,
				9E91AE1D234D332A0044AB5C /* HomeInfoTableViewCell.swift in Sources */,
				9EEEFF30236698C400A6332E /* InstagramAccessResponse.swift in Sources */,
				9EF90CC12353C95600127322 /* SubscriptionBaseViewTableViewCell.swift in Sources */,
				9EF90CC92353CA4400127322 /* BecomeGrowthHostPopUpViewController.swift in Sources */,
				9E2B879E2344007700941DF2 /* LessSpacePopUpViewController.swift in Sources */,
				9E14A44F23593F8600F56891 /* DeleteVideoResponse.swift in Sources */,
				9EA55FA3233C2CB9003A1EBB /* NewSignInViewController.swift in Sources */,
				9E403A4223443FDA002E3749 /* InstagramAuthResponseModel.swift in Sources */,
				9E31CB5B23625D90003651A1 /* MergeVideoDescriptionPopUpViewController.swift in Sources */,
				9EF90CC72353C9BA00127322 /* SubscriptionListProTableViewCell.swift in Sources */,
				9EA55F99233C29FB003A1EBB /* SplashViewController.swift in Sources */,
				9E403A4023443F34002E3749 /* InstagramSignInViewController.swift in Sources */,
				9E34D01F2357FE1E0085ABAA /* SubscriptionResponse.swift in Sources */,
				9E34D01D2357FDF40085ABAA /* StripePaymentViewController.swift in Sources */,
				9E159F0E235E8A280033FBE6 /* DeletedVideosCollectionViewCell.swift in Sources */,
				9EA55F6D233C208D003A1EBB /* ViewController.swift in Sources */,
				9E14A44223591F2400F56891 /* InstagramUserResponse.swift in Sources */,
				9E3485B8234A8FEE00DFADC9 /* PhoneContact.swift in Sources */,
				9E3485BA234A903F00DFADC9 /* ContactsTableViewCell.swift in Sources */,
				9E2723062374B99D006E93FE /* UserTipsViewController.swift in Sources */,
				9E10ED0E234D748A00C54F84 /* ProfileDropdownTableViewCell.swift in Sources */,
				9EA55F6B233C208D003A1EBB /* AppDelegate.swift in Sources */,
				9E2091D1236A3193005D8919 /* MergeVideoInfoViewController.swift in Sources */,
				9E2B87A22344020500941DF2 /* SignInViewController.swift in Sources */,
				9EF90CC32353C98100127322 /* SubscriptionListSoloTableViewCell.swift in Sources */,
				9E2970D6234E7FA1003BC282 /* UpgradeAndSubscriptionBaseViewController.swift in Sources */,
				9E27E55A235513E000B2EEFD /* FeatureResuestPage_2ViewController.swift in Sources */,
				9EB6E342234592870086A131 /* LibraryFeedResponse.swift in Sources */,
				9E159F10235E8A4F0033FBE6 /* DeletedVideosViewController.swift in Sources */,
				9E2970DE234E8012003BC282 /* SubscriptionBaseViewController.swift in Sources */,
				9E2B879C2344005B00941DF2 /* NoScreenCastsPopUpViewController.swift in Sources */,
				9E31CB5C23625D90003651A1 /* MergeTagPopUpTableViewCell.swift in Sources */,
				9E31CB5923625D90003651A1 /* RecordedVideoPreviewVC.swift in Sources */,
				9EA55F9D233C2B24003A1EBB /* SignUpViewController.swift in Sources */,
				9EA55F9F233C2B3F003A1EBB /* SignUpMobileEntryViewController.swift in Sources */,
				9E403A4423443FF5002E3749 /* InstagramUserDetailsResponse.swift in Sources */,
				9E31CB5A23625D90003651A1 /* RecordFantVideoVC.swift in Sources */,
				9EA55FA1233C2B6A003A1EBB /* SignUpPasswordEntryViewController.swift in Sources */,
				9EFE669B2360F68F002CF9C8 /* AddFeedPopUpViewController.swift in Sources */,
				9EF90CC52353C9A000127322 /* SubscriptionListGrowthTableViewCell.swift in Sources */,
				9E14A44A2359205A00F56891 /* JMImageCache.m in Sources */,
				9E2970D8234E7FC6003BC282 /* UpgradeSoloHostViewController.swift in Sources */,
				9E159F08235E6DE30033FBE6 /* FetchSubscriptionResponse.swift in Sources */,
				9E2970DA234E7FDE003BC282 /* UpgradeGrowthHostViewController.swift in Sources */,
				9E2B87A0234400F200941DF2 /* LibraryFeedsCollectionViewCell.swift in Sources */,
				9E159F02235E58F70033FBE6 /* DefaultWrapper.swift in Sources */,
				9E5085B623595AC700857277 /* VideoViewController.swift in Sources */,
				9EA55FA5233C3628003A1EBB /* ExtensionManager.swift in Sources */,
				9E403A3C2344352B002E3749 /* RegisterResponse.swift in Sources */,
				9E403A3E23443F0B002E3749 /* Constants.swift in Sources */,
				9E3485BE234AE5E400DFADC9 /* ReferralResponse.swift in Sources */,
				9E2970DC234E7FF6003BC282 /* UpgradeProHostViewController.swift in Sources */,
			);
			runOnlyForDeploymentPostprocessing = 0;
		};
		9EA55F77233C208E003A1EBB /* Sources */ = {
			isa = PBXSourcesBuildPhase;
			buildActionMask = 2147483647;
			files = (
				9EA55F80233C208E003A1EBB /* ViaYouTests.swift in Sources */,
			);
			runOnlyForDeploymentPostprocessing = 0;
		};
		9EA55F82233C208E003A1EBB /* Sources */ = {
			isa = PBXSourcesBuildPhase;
			buildActionMask = 2147483647;
			files = (
				9EA55F8B233C208E003A1EBB /* ViaYouUITests.swift in Sources */,
			);
			runOnlyForDeploymentPostprocessing = 0;
		};
/* End PBXSourcesBuildPhase section */

/* Begin PBXTargetDependency section */
		9EA55F7D233C208E003A1EBB /* PBXTargetDependency */ = {
			isa = PBXTargetDependency;
			target = 9EA55F66233C208D003A1EBB /* ViaYou */;
			targetProxy = 9EA55F7C233C208E003A1EBB /* PBXContainerItemProxy */;
		};
		9EA55F88233C208E003A1EBB /* PBXTargetDependency */ = {
			isa = PBXTargetDependency;
			target = 9EA55F66233C208D003A1EBB /* ViaYou */;
			targetProxy = 9EA55F87233C208E003A1EBB /* PBXContainerItemProxy */;
		};
/* End PBXTargetDependency section */

/* Begin PBXVariantGroup section */
		9EA55F6E233C208D003A1EBB /* Main.storyboard */ = {
			isa = PBXVariantGroup;
			children = (
				9EA55F6F233C208D003A1EBB /* Base */,
			);
			name = Main.storyboard;
			sourceTree = "<group>";
		};
		9EA55F73233C208E003A1EBB /* LaunchScreen.storyboard */ = {
			isa = PBXVariantGroup;
			children = (
				9EA55F74233C208E003A1EBB /* Base */,
			);
			name = LaunchScreen.storyboard;
			sourceTree = "<group>";
		};
/* End PBXVariantGroup section */

/* Begin XCBuildConfiguration section */
		9EA55F8D233C208E003A1EBB /* Debug */ = {
			isa = XCBuildConfiguration;
			buildSettings = {
				ALWAYS_SEARCH_USER_PATHS = NO;
				CLANG_ANALYZER_NONNULL = YES;
				CLANG_ANALYZER_NUMBER_OBJECT_CONVERSION = YES_AGGRESSIVE;
				CLANG_CXX_LANGUAGE_STANDARD = "gnu++14";
				CLANG_CXX_LIBRARY = "libc++";
				CLANG_ENABLE_MODULES = YES;
				CLANG_ENABLE_OBJC_ARC = YES;
				CLANG_ENABLE_OBJC_WEAK = YES;
				CLANG_WARN_BLOCK_CAPTURE_AUTORELEASING = YES;
				CLANG_WARN_BOOL_CONVERSION = YES;
				CLANG_WARN_COMMA = YES;
				CLANG_WARN_CONSTANT_CONVERSION = YES;
				CLANG_WARN_DEPRECATED_OBJC_IMPLEMENTATIONS = YES;
				CLANG_WARN_DIRECT_OBJC_ISA_USAGE = YES_ERROR;
				CLANG_WARN_DOCUMENTATION_COMMENTS = YES;
				CLANG_WARN_EMPTY_BODY = YES;
				CLANG_WARN_ENUM_CONVERSION = YES;
				CLANG_WARN_INFINITE_RECURSION = YES;
				CLANG_WARN_INT_CONVERSION = YES;
				CLANG_WARN_NON_LITERAL_NULL_CONVERSION = YES;
				CLANG_WARN_OBJC_IMPLICIT_RETAIN_SELF = YES;
				CLANG_WARN_OBJC_LITERAL_CONVERSION = YES;
				CLANG_WARN_OBJC_ROOT_CLASS = YES_ERROR;
				CLANG_WARN_RANGE_LOOP_ANALYSIS = YES;
				CLANG_WARN_STRICT_PROTOTYPES = YES;
				CLANG_WARN_SUSPICIOUS_MOVE = YES;
				CLANG_WARN_UNGUARDED_AVAILABILITY = YES_AGGRESSIVE;
				CLANG_WARN_UNREACHABLE_CODE = YES;
				CLANG_WARN__DUPLICATE_METHOD_MATCH = YES;
				CODE_SIGN_ENTITLEMENTS = ViaYou/ViaYou.entitlements;
				CODE_SIGN_IDENTITY = "iPhone Distribution: Nikolai Heaphy-Page (H3MR6PS3FC)";
				CODE_SIGN_STYLE = Manual;
				COPY_PHASE_STRIP = NO;
				DEBUG_INFORMATION_FORMAT = dwarf;
				ENABLE_STRICT_OBJC_MSGSEND = YES;
				ENABLE_TESTABILITY = YES;
				GCC_C_LANGUAGE_STANDARD = gnu11;
				GCC_DYNAMIC_NO_PIC = NO;
				GCC_NO_COMMON_BLOCKS = YES;
				GCC_OPTIMIZATION_LEVEL = 0;
				GCC_PREPROCESSOR_DEFINITIONS = (
					"DEBUG=1",
					"$(inherited)",
				);
				GCC_WARN_64_TO_32_BIT_CONVERSION = YES;
				GCC_WARN_ABOUT_RETURN_TYPE = YES_ERROR;
				GCC_WARN_UNDECLARED_SELECTOR = YES;
				GCC_WARN_UNINITIALIZED_AUTOS = YES_AGGRESSIVE;
				GCC_WARN_UNUSED_FUNCTION = YES;
				GCC_WARN_UNUSED_VARIABLE = YES;
				IPHONEOS_DEPLOYMENT_TARGET = 12.2;
				MTL_ENABLE_DEBUG_INFO = INCLUDE_SOURCE;
				MTL_FAST_MATH = YES;
				ONLY_ACTIVE_ARCH = YES;
				PROVISIONING_PROFILE_SPECIFIER = Appstore_Provisioning_Nov4;
				SDKROOT = iphoneos;
				SWIFT_ACTIVE_COMPILATION_CONDITIONS = DEBUG;
				SWIFT_OPTIMIZATION_LEVEL = "-Onone";
			};
			name = Debug;
		};
		9EA55F8E233C208E003A1EBB /* Release */ = {
			isa = XCBuildConfiguration;
			buildSettings = {
				ALWAYS_SEARCH_USER_PATHS = NO;
				CLANG_ANALYZER_NONNULL = YES;
				CLANG_ANALYZER_NUMBER_OBJECT_CONVERSION = YES_AGGRESSIVE;
				CLANG_CXX_LANGUAGE_STANDARD = "gnu++14";
				CLANG_CXX_LIBRARY = "libc++";
				CLANG_ENABLE_MODULES = YES;
				CLANG_ENABLE_OBJC_ARC = YES;
				CLANG_ENABLE_OBJC_WEAK = YES;
				CLANG_WARN_BLOCK_CAPTURE_AUTORELEASING = YES;
				CLANG_WARN_BOOL_CONVERSION = YES;
				CLANG_WARN_COMMA = YES;
				CLANG_WARN_CONSTANT_CONVERSION = YES;
				CLANG_WARN_DEPRECATED_OBJC_IMPLEMENTATIONS = YES;
				CLANG_WARN_DIRECT_OBJC_ISA_USAGE = YES_ERROR;
				CLANG_WARN_DOCUMENTATION_COMMENTS = YES;
				CLANG_WARN_EMPTY_BODY = YES;
				CLANG_WARN_ENUM_CONVERSION = YES;
				CLANG_WARN_INFINITE_RECURSION = YES;
				CLANG_WARN_INT_CONVERSION = YES;
				CLANG_WARN_NON_LITERAL_NULL_CONVERSION = YES;
				CLANG_WARN_OBJC_IMPLICIT_RETAIN_SELF = YES;
				CLANG_WARN_OBJC_LITERAL_CONVERSION = YES;
				CLANG_WARN_OBJC_ROOT_CLASS = YES_ERROR;
				CLANG_WARN_RANGE_LOOP_ANALYSIS = YES;
				CLANG_WARN_STRICT_PROTOTYPES = YES;
				CLANG_WARN_SUSPICIOUS_MOVE = YES;
				CLANG_WARN_UNGUARDED_AVAILABILITY = YES_AGGRESSIVE;
				CLANG_WARN_UNREACHABLE_CODE = YES;
				CLANG_WARN__DUPLICATE_METHOD_MATCH = YES;
				CODE_SIGN_ENTITLEMENTS = ViaYou/ViaYou.entitlements;
				CODE_SIGN_IDENTITY = "iPhone Distribution: Nikolai Heaphy-Page (H3MR6PS3FC)";
				CODE_SIGN_STYLE = Manual;
				COPY_PHASE_STRIP = NO;
				DEBUG_INFORMATION_FORMAT = "dwarf-with-dsym";
				ENABLE_NS_ASSERTIONS = NO;
				ENABLE_STRICT_OBJC_MSGSEND = YES;
				GCC_C_LANGUAGE_STANDARD = gnu11;
				GCC_NO_COMMON_BLOCKS = YES;
				GCC_WARN_64_TO_32_BIT_CONVERSION = YES;
				GCC_WARN_ABOUT_RETURN_TYPE = YES_ERROR;
				GCC_WARN_UNDECLARED_SELECTOR = YES;
				GCC_WARN_UNINITIALIZED_AUTOS = YES_AGGRESSIVE;
				GCC_WARN_UNUSED_FUNCTION = YES;
				GCC_WARN_UNUSED_VARIABLE = YES;
				IPHONEOS_DEPLOYMENT_TARGET = 12.2;
				MTL_ENABLE_DEBUG_INFO = NO;
				MTL_FAST_MATH = YES;
				PROVISIONING_PROFILE_SPECIFIER = Appstore_Provisioning_Nov4;
				SDKROOT = iphoneos;
				SWIFT_COMPILATION_MODE = wholemodule;
				SWIFT_OPTIMIZATION_LEVEL = "-O";
				VALIDATE_PRODUCT = YES;
			};
			name = Release;
		};
		9EA55F90233C208E003A1EBB /* Debug */ = {
			isa = XCBuildConfiguration;
			baseConfigurationReference = 3DE306DBB2B381298A5B0ED6 /* Pods-ViaYou.debug.xcconfig */;
			buildSettings = {
				ASSETCATALOG_COMPILER_APPICON_NAME = AppIcon;
				CLANG_ENABLE_MODULES = YES;
				CODE_SIGN_ENTITLEMENTS = ViaYou/ViaYou.entitlements;
				CODE_SIGN_IDENTITY = "iPhone Developer";
				CODE_SIGN_STYLE = Automatic;
				DEVELOPMENT_TEAM = H3MR6PS3FC;
				INFOPLIST_FILE = ViaYou/Info.plist;
				LD_RUNPATH_SEARCH_PATHS = (
					"$(inherited)",
					"@executable_path/Frameworks",
				);
				PRODUCT_BUNDLE_IDENTIFIER = com.viayou.ViaYouApp;
				PRODUCT_NAME = "$(TARGET_NAME)";
				PROVISIONING_PROFILE_SPECIFIER = "";
				SWIFT_OBJC_BRIDGING_HEADER = "ViaYou/Libraries/JMImageCache/ViaYou-Bridging-Header.h";
				SWIFT_OPTIMIZATION_LEVEL = "-Onone";
				SWIFT_VERSION = 4.2;
				TARGETED_DEVICE_FAMILY = "1,2";
			};
			name = Debug;
		};
		9EA55F91233C208E003A1EBB /* Release */ = {
			isa = XCBuildConfiguration;
			baseConfigurationReference = 8AD4C12220E84767F923027F /* Pods-ViaYou.release.xcconfig */;
			buildSettings = {
				ASSETCATALOG_COMPILER_APPICON_NAME = AppIcon;
				CLANG_ENABLE_MODULES = YES;
				CODE_SIGN_ENTITLEMENTS = ViaYou/ViaYou.entitlements;
				CODE_SIGN_IDENTITY = "iPhone Developer";
				CODE_SIGN_STYLE = Automatic;
				DEVELOPMENT_TEAM = H3MR6PS3FC;
				INFOPLIST_FILE = ViaYou/Info.plist;
				LD_RUNPATH_SEARCH_PATHS = (
					"$(inherited)",
					"@executable_path/Frameworks",
				);
				PRODUCT_BUNDLE_IDENTIFIER = com.viayou.ViaYouApp;
				PRODUCT_NAME = "$(TARGET_NAME)";
				PROVISIONING_PROFILE_SPECIFIER = "";
				SWIFT_OBJC_BRIDGING_HEADER = "ViaYou/Libraries/JMImageCache/ViaYou-Bridging-Header.h";
				SWIFT_VERSION = 4.2;
				TARGETED_DEVICE_FAMILY = "1,2";
			};
			name = Release;
		};
		9EA55F93233C208E003A1EBB /* Debug */ = {
			isa = XCBuildConfiguration;
			buildSettings = {
				ALWAYS_EMBED_SWIFT_STANDARD_LIBRARIES = YES;
				BUNDLE_LOADER = "$(TEST_HOST)";
				CODE_SIGN_IDENTITY = "iPhone Developer";
				CODE_SIGN_STYLE = Manual;
				DEVELOPMENT_TEAM = H3MR6PS3FC;
				INFOPLIST_FILE = ViaYouTests/Info.plist;
				LD_RUNPATH_SEARCH_PATHS = (
					"$(inherited)",
					"@executable_path/Frameworks",
					"@loader_path/Frameworks",
				);
				PRODUCT_BUNDLE_IDENTIFIER = com.promptchu.ViaYouTests;
				PRODUCT_NAME = "$(TARGET_NAME)";
				PROVISIONING_PROFILE_SPECIFIER = "";
				SWIFT_VERSION = 5.0;
				TARGETED_DEVICE_FAMILY = "1,2";
				TEST_HOST = "$(BUILT_PRODUCTS_DIR)/ViaYou.app/ViaYou";
			};
			name = Debug;
		};
		9EA55F94233C208E003A1EBB /* Release */ = {
			isa = XCBuildConfiguration;
			buildSettings = {
				ALWAYS_EMBED_SWIFT_STANDARD_LIBRARIES = YES;
				BUNDLE_LOADER = "$(TEST_HOST)";
				CODE_SIGN_STYLE = Manual;
				DEVELOPMENT_TEAM = H3MR6PS3FC;
				INFOPLIST_FILE = ViaYouTests/Info.plist;
				LD_RUNPATH_SEARCH_PATHS = (
					"$(inherited)",
					"@executable_path/Frameworks",
					"@loader_path/Frameworks",
				);
				PRODUCT_BUNDLE_IDENTIFIER = com.promptchu.ViaYouTests;
				PRODUCT_NAME = "$(TARGET_NAME)";
				PROVISIONING_PROFILE_SPECIFIER = "";
				SWIFT_VERSION = 5.0;
				TARGETED_DEVICE_FAMILY = "1,2";
				TEST_HOST = "$(BUILT_PRODUCTS_DIR)/ViaYou.app/ViaYou";
			};
			name = Release;
		};
		9EA55F96233C208E003A1EBB /* Debug */ = {
			isa = XCBuildConfiguration;
			buildSettings = {
				ALWAYS_EMBED_SWIFT_STANDARD_LIBRARIES = YES;
				CODE_SIGN_IDENTITY = "iPhone Developer";
				CODE_SIGN_STYLE = Automatic;
				DEVELOPMENT_TEAM = "";
				INFOPLIST_FILE = ViaYouUITests/Info.plist;
				LD_RUNPATH_SEARCH_PATHS = (
					"$(inherited)",
					"@executable_path/Frameworks",
					"@loader_path/Frameworks",
				);
				PRODUCT_BUNDLE_IDENTIFIER = com.promptchu.ViaYouUITests;
				PRODUCT_NAME = "$(TARGET_NAME)";
				PROVISIONING_PROFILE_SPECIFIER = "";
				SWIFT_VERSION = 5.0;
				TARGETED_DEVICE_FAMILY = "1,2";
				TEST_TARGET_NAME = ViaYou;
			};
			name = Debug;
		};
		9EA55F97233C208E003A1EBB /* Release */ = {
			isa = XCBuildConfiguration;
			buildSettings = {
				ALWAYS_EMBED_SWIFT_STANDARD_LIBRARIES = YES;
				CODE_SIGN_IDENTITY = "iPhone Developer";
				CODE_SIGN_STYLE = Automatic;
				DEVELOPMENT_TEAM = "";
				INFOPLIST_FILE = ViaYouUITests/Info.plist;
				LD_RUNPATH_SEARCH_PATHS = (
					"$(inherited)",
					"@executable_path/Frameworks",
					"@loader_path/Frameworks",
				);
				PRODUCT_BUNDLE_IDENTIFIER = com.promptchu.ViaYouUITests;
				PRODUCT_NAME = "$(TARGET_NAME)";
				PROVISIONING_PROFILE_SPECIFIER = "";
				SWIFT_VERSION = 5.0;
				TARGETED_DEVICE_FAMILY = "1,2";
				TEST_TARGET_NAME = ViaYou;
			};
			name = Release;
		};
/* End XCBuildConfiguration section */

/* Begin XCConfigurationList section */
		9EA55F62233C208D003A1EBB /* Build configuration list for PBXProject "ViaYou" */ = {
			isa = XCConfigurationList;
			buildConfigurations = (
				9EA55F8D233C208E003A1EBB /* Debug */,
				9EA55F8E233C208E003A1EBB /* Release */,
			);
			defaultConfigurationIsVisible = 0;
			defaultConfigurationName = Release;
		};
		9EA55F8F233C208E003A1EBB /* Build configuration list for PBXNativeTarget "ViaYou" */ = {
			isa = XCConfigurationList;
			buildConfigurations = (
				9EA55F90233C208E003A1EBB /* Debug */,
				9EA55F91233C208E003A1EBB /* Release */,
			);
			defaultConfigurationIsVisible = 0;
			defaultConfigurationName = Release;
		};
		9EA55F92233C208E003A1EBB /* Build configuration list for PBXNativeTarget "ViaYouTests" */ = {
			isa = XCConfigurationList;
			buildConfigurations = (
				9EA55F93233C208E003A1EBB /* Debug */,
				9EA55F94233C208E003A1EBB /* Release */,
			);
			defaultConfigurationIsVisible = 0;
			defaultConfigurationName = Release;
		};
		9EA55F95233C208E003A1EBB /* Build configuration list for PBXNativeTarget "ViaYouUITests" */ = {
			isa = XCConfigurationList;
			buildConfigurations = (
				9EA55F96233C208E003A1EBB /* Debug */,
				9EA55F97233C208E003A1EBB /* Release */,
			);
			defaultConfigurationIsVisible = 0;
			defaultConfigurationName = Release;
		};
/* End XCConfigurationList section */
	};
	rootObject = 9EA55F5F233C208D003A1EBB /* Project object */;
}
